%{"bear": {:hex, :bear, "0.8.3", "866002127a97932720a0d475d8582c98ec5fb78db3a18dfe7eaf91594d9024b8", [:rebar3], []},
  "cowboy": {:hex, :cowboy, "1.0.4", "a324a8df9f2316c833a470d918aaf73ae894278b8aa6226ce7a9bf699388f878", [:rebar, :make], [{:cowlib, "~> 1.0.0", [hex: :cowlib, optional: false]}, {:ranch, "~> 1.0", [hex: :ranch, optional: false]}]},
  "cowlib": {:hex, :cowlib, "1.0.2", "9d769a1d062c9c3ac753096f868ca121e2730b9a377de23dec0f7e08b1df84ee", [:make], []},
  "edown": {:hex, :edown, "0.7.0", "6803599606b10f8e328d6d60c44cd16244cd2429908894c415fce4211c3bfefd", [:rebar, :rebar, :make], []},
  "elixometer": {:git, "https://github.com/pinterest/elixometer.git", "a3a5bd52c8d52ad5e75c6da61f3b0dfc07946580", []},
  "exometer": {:git, "https://github.com/PSPDFKit-labs/exometer_core.git", "ccc18cf0328692756fd9b837a88823cf979da8e1", []},
  "exometer_core": {:hex, :exometer_core, "1.4.0", "a546ccd38be910de6ea75ea95b724b6b2db513c26f02e30919b25eb19651815a", [:rebar3], [{:setup, "1.7.0", [hex: :setup, optional: false]}, {:parse_trans, "2.9.0", [hex: :parse_trans, optional: false]}, {:lager, "3.0.2", [hex: :lager, optional: false]}, {:folsom, "0.8.3", [hex: :folsom, optional: false]}, {:edown, "0.7.0", [hex: :edown, optional: false]}]},
  "folsom": {:hex, :folsom, "0.8.3", "71cff146152fa95e6092e62119f9dc96888660111e7b61853c8fdcf80598a4e0", [:rebar3], [{:bear, "0.8.3", [hex: :bear, optional: false]}]},
  "goldrush": {:hex, :goldrush, "0.1.7", "349a351d17c71c2fdaa18a6c2697562abe136fec945f147b381f0cf313160228", [:rebar3], []},
  "lager": {:hex, :lager, "3.0.2", "25dc81bc3659b62f5ab9bd073e97ddd894fc4c242019fccef96f3889d7366c97", [:rebar3], [{:goldrush, "0.1.7", [hex: :goldrush, optional: false]}]},
  "parse_trans": {:hex, :parse_trans, "2.9.0", "3f5f7b402928fb9fd200c891e635de909045d1efac40ce3f924d3892898f85eb", [:rebar, :rebar], [{:edown, "> 0.0.0", [hex: :edown, optional: false]}]},
  "plug": {:hex, :plug, "1.1.6", "8927e4028433fcb859e000b9389ee9c37c80eb28378eeeea31b0273350bf668b", [:mix], [{:cowboy, "~> 1.0", [hex: :cowboy, optional: true]}]},
  "pobox": {:hex, :pobox, "1.0.2", "45a5bc91e3cf20f9bc0b94494f00fcdccbc333ab2e0856972b7f0f196fc41613", [:rebar3], []},
  "ranch": {:hex, :ranch, "1.2.1", "a6fb992c10f2187b46ffd17ce398ddf8a54f691b81768f9ef5f461ea7e28c762", [:make], []},
  "setup": {:hex, :setup, "1.7.0", "15df8e57c6df9755e22bfb1aef0c640bd97e9889396fdfb2a85a5536a9043674", [:rebar3], []}}
