%{"bear": {:hex, :bear, "0.8.3", "866002127a97932720a0d475d8582c98ec5fb78db3a18dfe7eaf91594d9024b8", [:rebar3], []},
  "cowboy": {:hex, :cowboy, "1.0.4", "a324a8df9f2316c833a470d918aaf73ae894278b8aa6226ce7a9bf699388f878", [:rebar, :make], [{:cowlib, "~> 1.0.0", [hex: :cowlib, optional: false]}, {:ranch, "~> 1.0", [hex: :ranch, optional: false]}]},
  "cowlib": {:hex, :cowlib, "1.0.2", "9d769a1d062c9c3ac753096f868ca121e2730b9a377de23dec0f7e08b1df84ee", [:make], []},
  "edown": {:git, "https://github.com/uwiger/edown.git", "b7c8eb0ac1859f8fce11cbfe3526f5ec83194776", [tag: "0.7"]},
  "elixometer": {:git, "https://github.com/pinterest/elixometer.git", "a3a5bd52c8d52ad5e75c6da61f3b0dfc07946580", []},
  "exometer": {:git, "https://github.com/PSPDFKit-labs/exometer.git", "fc367682a809ccd463a907e6e00e52d6d354c83f", []},
  "exometer_core": {:git, "https://github.com/PSPDFKit-labs/exometer_core.git", "ccc18cf0328692756fd9b837a88823cf979da8e1", []},
  "folsom": {:hex, :folsom, "0.8.3", "71cff146152fa95e6092e62119f9dc96888660111e7b61853c8fdcf80598a4e0", [:rebar3], [{:bear, "0.8.3", [hex: :bear, optional: false]}]},
  "goldrush": {:hex, :goldrush, "0.1.8", "2024ba375ceea47e27ea70e14d2c483b2d8610101b4e852ef7f89163cdb6e649", [:rebar3], []},
  "lager": {:hex, :lager, "3.2.1", "eef4e18b39e4195d37606d9088ea05bf1b745986cf8ec84f01d332456fe88d17", [:rebar3], [{:goldrush, "0.1.8", [hex: :goldrush, optional: false]}]},
  "parse_trans": {:git, "git://github.com/uwiger/parse_trans.git", "82cc00264aa1bad8fc5c0739b7541feb4a843432", [tag: "2.9"]},
  "plug": {:hex, :plug, "1.1.6", "8927e4028433fcb859e000b9389ee9c37c80eb28378eeeea31b0273350bf668b", [:mix], [{:cowboy, "~> 1.0", [hex: :cowboy, optional: true]}]},
  "pobox": {:hex, :pobox, "1.0.2", "45a5bc91e3cf20f9bc0b94494f00fcdccbc333ab2e0856972b7f0f196fc41613", [:rebar3], []},
  "ranch": {:hex, :ranch, "1.2.1", "a6fb992c10f2187b46ffd17ce398ddf8a54f691b81768f9ef5f461ea7e28c762", [:make], []},
  "setup": {:git, "git://github.com/uwiger/setup.git", "51ee7c9f64d2bbe9dcbb58c278e8fbfd4d0ca5e2", [tag: "1.4"]}}
